// !$*UTF8*$!
{
	archiveVersion = 1;
	classes = {
	};
	objectVersion = 56;
	objects = {

/* Begin PBXBuildFile section */
		E5B15ED02A026AE3009D1A90 /* TodoListApp.swift in Sources */ = {isa = PBXBuildFile; fileRef = E5B15ECF2A026AE3009D1A90 /* TodoListApp.swift */; };
		E5B15ED22A026AE3009D1A90 /* MainView.swift in Sources */ = {isa = PBXBuildFile; fileRef = E5B15ED12A026AE3009D1A90 /* MainView.swift */; };
		E5B15ED42A026AE4009D1A90 /* Assets.xcassets in Resources */ = {isa = PBXBuildFile; fileRef = E5B15ED32A026AE4009D1A90 /* Assets.xcassets */; };
		E5B15ED72A026AE4009D1A90 /* Preview Assets.xcassets in Resources */ = {isa = PBXBuildFile; fileRef = E5B15ED62A026AE4009D1A90 /* Preview Assets.xcassets */; };
		E5B15EDF2A026BE7009D1A90 /* FirebaseAuth in Frameworks */ = {isa = PBXBuildFile; productRef = E5B15EDE2A026BE7009D1A90 /* FirebaseAuth */; };
		E5B15EE12A026BE7009D1A90 /* FirebaseFirestore in Frameworks */ = {isa = PBXBuildFile; productRef = E5B15EE02A026BE7009D1A90 /* FirebaseFirestore */; };
		E5B15EE32A026BE7009D1A90 /* FirebaseFirestoreSwift in Frameworks */ = {isa = PBXBuildFile; productRef = E5B15EE22A026BE7009D1A90 /* FirebaseFirestoreSwift */; };
		E5B15EE52A026D5C009D1A90 /* GoogleService-Info.plist in Resources */ = {isa = PBXBuildFile; fileRef = E5B15EE42A026D5C009D1A90 /* GoogleService-Info.plist */; };
		E5B15EEA2A027153009D1A90 /* ProfileView.swift in Sources */ = {isa = PBXBuildFile; fileRef = E5B15EE92A027153009D1A90 /* ProfileView.swift */; };
		E5B15EEC2A02716B009D1A90 /* ToDoListIView.swift in Sources */ = {isa = PBXBuildFile; fileRef = E5B15EEB2A02716B009D1A90 /* ToDoListIView.swift */; };
		E5B15EEE2A027184009D1A90 /* NewItemView.swift in Sources */ = {isa = PBXBuildFile; fileRef = E5B15EED2A027184009D1A90 /* NewItemView.swift */; };
		E5B15EF02A027194009D1A90 /* RegisterView.swift in Sources */ = {isa = PBXBuildFile; fileRef = E5B15EEF2A027194009D1A90 /* RegisterView.swift */; };
		E5B15EF22A0271A7009D1A90 /* LoginView.swift in Sources */ = {isa = PBXBuildFile; fileRef = E5B15EF12A0271A7009D1A90 /* LoginView.swift */; };
		E5B15EF42A0271F6009D1A90 /* TodoDetailView.swift in Sources */ = {isa = PBXBuildFile; fileRef = E5B15EF32A0271F6009D1A90 /* TodoDetailView.swift */; };
		E5B15EF72A02722A009D1A90 /* User.swift in Sources */ = {isa = PBXBuildFile; fileRef = E5B15EF62A02722A009D1A90 /* User.swift */; };
		E5B15EF92A027238009D1A90 /* TodoItem.swift in Sources */ = {isa = PBXBuildFile; fileRef = E5B15EF82A027238009D1A90 /* TodoItem.swift */; };
		E5B15EFB2A02727A009D1A90 /* MainViewViewModel.swift in Sources */ = {isa = PBXBuildFile; fileRef = E5B15EFA2A027279009D1A90 /* MainViewViewModel.swift */; };
		E5B15EFE2A027295009D1A90 /* ProfileViewViewModel.swift in Sources */ = {isa = PBXBuildFile; fileRef = E5B15EFD2A027295009D1A90 /* ProfileViewViewModel.swift */; };
		E5B15F002A0272A5009D1A90 /* ToDoListViewViewModel.swift in Sources */ = {isa = PBXBuildFile; fileRef = E5B15EFF2A0272A5009D1A90 /* ToDoListViewViewModel.swift */; };
		E5B15F022A0272B7009D1A90 /* NewItemViewViewModel.swift in Sources */ = {isa = PBXBuildFile; fileRef = E5B15F012A0272B7009D1A90 /* NewItemViewViewModel.swift */; };
		E5B15F042A0272C5009D1A90 /* RegisterViewViewModel.swift in Sources */ = {isa = PBXBuildFile; fileRef = E5B15F032A0272C5009D1A90 /* RegisterViewViewModel.swift */; };
		E5B15F062A0272D5009D1A90 /* LoginViewViewModel.swift in Sources */ = {isa = PBXBuildFile; fileRef = E5B15F052A0272D5009D1A90 /* LoginViewViewModel.swift */; };
		E5B15F082A027303009D1A90 /* TodoDetailViewViewModel.swift in Sources */ = {isa = PBXBuildFile; fileRef = E5B15F072A027303009D1A90 /* TodoDetailViewViewModel.swift */; };
		E5B15F0A2A0275BB009D1A90 /* HeaderView.swift in Sources */ = {isa = PBXBuildFile; fileRef = E5B15F092A0275BB009D1A90 /* HeaderView.swift */; };
/* End PBXBuildFile section */

/* Begin PBXFileReference section */
		E5B15ECC2A026AE3009D1A90 /* TodoList.app */ = {isa = PBXFileReference; explicitFileType = wrapper.application; includeInIndex = 0; path = TodoList.app; sourceTree = BUILT_PRODUCTS_DIR; };
		E5B15ECF2A026AE3009D1A90 /* TodoListApp.swift */ = {isa = PBXFileReference; lastKnownFileType = sourcecode.swift; path = TodoListApp.swift; sourceTree = "<group>"; };
		E5B15ED12A026AE3009D1A90 /* MainView.swift */ = {isa = PBXFileReference; lastKnownFileType = sourcecode.swift; path = MainView.swift; sourceTree = "<group>"; };
		E5B15ED32A026AE4009D1A90 /* Assets.xcassets */ = {isa = PBXFileReference; lastKnownFileType = folder.assetcatalog; path = Assets.xcassets; sourceTree = "<group>"; };
		E5B15ED62A026AE4009D1A90 /* Preview Assets.xcassets */ = {isa = PBXFileReference; lastKnownFileType = folder.assetcatalog; path = "Preview Assets.xcassets"; sourceTree = "<group>"; };
		E5B15EE42A026D5C009D1A90 /* GoogleService-Info.plist */ = {isa = PBXFileReference; fileEncoding = 4; lastKnownFileType = text.plist.xml; path = "GoogleService-Info.plist"; sourceTree = "<group>"; };
		E5B15EE92A027153009D1A90 /* ProfileView.swift */ = {isa = PBXFileReference; lastKnownFileType = sourcecode.swift; path = ProfileView.swift; sourceTree = "<group>"; };
		E5B15EEB2A02716B009D1A90 /* ToDoListIView.swift */ = {isa = PBXFileReference; lastKnownFileType = sourcecode.swift; path = ToDoListIView.swift; sourceTree = "<group>"; };
		E5B15EED2A027184009D1A90 /* NewItemView.swift */ = {isa = PBXFileReference; lastKnownFileType = sourcecode.swift; path = NewItemView.swift; sourceTree = "<group>"; };
		E5B15EEF2A027194009D1A90 /* RegisterView.swift */ = {isa = PBXFileReference; lastKnownFileType = sourcecode.swift; path = RegisterView.swift; sourceTree = "<group>"; };
		E5B15EF12A0271A7009D1A90 /* LoginView.swift */ = {isa = PBXFileReference; lastKnownFileType = sourcecode.swift; path = LoginView.swift; sourceTree = "<group>"; };
		E5B15EF32A0271F6009D1A90 /* TodoDetailView.swift */ = {isa = PBXFileReference; lastKnownFileType = sourcecode.swift; path = TodoDetailView.swift; sourceTree = "<group>"; };
		E5B15EF62A02722A009D1A90 /* User.swift */ = {isa = PBXFileReference; lastKnownFileType = sourcecode.swift; path = User.swift; sourceTree = "<group>"; };
		E5B15EF82A027238009D1A90 /* TodoItem.swift */ = {isa = PBXFileReference; lastKnownFileType = sourcecode.swift; path = TodoItem.swift; sourceTree = "<group>"; };
		E5B15EFA2A027279009D1A90 /* MainViewViewModel.swift */ = {isa = PBXFileReference; lastKnownFileType = sourcecode.swift; path = MainViewViewModel.swift; sourceTree = "<group>"; };
		E5B15EFD2A027295009D1A90 /* ProfileViewViewModel.swift */ = {isa = PBXFileReference; lastKnownFileType = sourcecode.swift; path = ProfileViewViewModel.swift; sourceTree = "<group>"; };
		E5B15EFF2A0272A5009D1A90 /* ToDoListViewViewModel.swift */ = {isa = PBXFileReference; lastKnownFileType = sourcecode.swift; path = ToDoListViewViewModel.swift; sourceTree = "<group>"; };
		E5B15F012A0272B7009D1A90 /* NewItemViewViewModel.swift */ = {isa = PBXFileReference; lastKnownFileType = sourcecode.swift; path = NewItemViewViewModel.swift; sourceTree = "<group>"; };
		E5B15F032A0272C5009D1A90 /* RegisterViewViewModel.swift */ = {isa = PBXFileReference; lastKnownFileType = sourcecode.swift; path = RegisterViewViewModel.swift; sourceTree = "<group>"; };
		E5B15F052A0272D5009D1A90 /* LoginViewViewModel.swift */ = {isa = PBXFileReference; lastKnownFileType = sourcecode.swift; path = LoginViewViewModel.swift; sourceTree = "<group>"; };
		E5B15F072A027303009D1A90 /* TodoDetailViewViewModel.swift */ = {isa = PBXFileReference; lastKnownFileType = sourcecode.swift; path = TodoDetailViewViewModel.swift; sourceTree = "<group>"; };
		E5B15F092A0275BB009D1A90 /* HeaderView.swift */ = {isa = PBXFileReference; lastKnownFileType = sourcecode.swift; path = HeaderView.swift; sourceTree = "<group>"; };
/* End PBXFileReference section */

/* Begin PBXFrameworksBuildPhase section */
		E5B15EC92A026AE3009D1A90 /* Frameworks */ = {
			isa = PBXFrameworksBuildPhase;
			buildActionMask = 2147483647;
			files = (
				E5B15EDF2A026BE7009D1A90 /* FirebaseAuth in Frameworks */,
				E5B15EE12A026BE7009D1A90 /* FirebaseFirestore in Frameworks */,
				E5B15EE32A026BE7009D1A90 /* FirebaseFirestoreSwift in Frameworks */,
			);
			runOnlyForDeploymentPostprocessing = 0;
		};
/* End PBXFrameworksBuildPhase section */

/* Begin PBXGroup section */
		E5B15EC32A026AE3009D1A90 = {
			isa = PBXGroup;
			children = (
				E5B15ECE2A026AE3009D1A90 /* TodoList */,
				E5B15ECD2A026AE3009D1A90 /* Products */,
			);
			sourceTree = "<group>";
		};
		E5B15ECD2A026AE3009D1A90 /* Products */ = {
			isa = PBXGroup;
			children = (
				E5B15ECC2A026AE3009D1A90 /* TodoList.app */,
			);
			name = Products;
			sourceTree = "<group>";
		};
		E5B15ECE2A026AE3009D1A90 /* TodoList */ = {
			isa = PBXGroup;
			children = (
				E5B15EF52A027219009D1A90 /* Models */,
				E5B15EE82A026FF1009D1A90 /* Others */,
				E5B15EE72A026F65009D1A90 /* ViewModels */,
				E5B15EE62A026F56009D1A90 /* Views */,
				E5B15ED52A026AE4009D1A90 /* Preview Content */,
			);
			path = TodoList;
			sourceTree = "<group>";
		};
		E5B15ED52A026AE4009D1A90 /* Preview Content */ = {
			isa = PBXGroup;
			children = (
				E5B15ED62A026AE4009D1A90 /* Preview Assets.xcassets */,
			);
			path = "Preview Content";
			sourceTree = "<group>";
		};
		E5B15EE62A026F56009D1A90 /* Views */ = {
			isa = PBXGroup;
			children = (
				E5B15ED12A026AE3009D1A90 /* MainView.swift */,
				E5B15EE92A027153009D1A90 /* ProfileView.swift */,
				E5B15EEB2A02716B009D1A90 /* ToDoListIView.swift */,
				E5B15EED2A027184009D1A90 /* NewItemView.swift */,
				E5B15EEF2A027194009D1A90 /* RegisterView.swift */,
				E5B15EF12A0271A7009D1A90 /* LoginView.swift */,
				E5B15EF32A0271F6009D1A90 /* TodoDetailView.swift */,
				E5B15F092A0275BB009D1A90 /* HeaderView.swift */,
			);
			path = Views;
			sourceTree = "<group>";
		};
		E5B15EE72A026F65009D1A90 /* ViewModels */ = {
			isa = PBXGroup;
			children = (
				E5B15EFA2A027279009D1A90 /* MainViewViewModel.swift */,
				E5B15EFD2A027295009D1A90 /* ProfileViewViewModel.swift */,
				E5B15EFF2A0272A5009D1A90 /* ToDoListViewViewModel.swift */,
				E5B15F012A0272B7009D1A90 /* NewItemViewViewModel.swift */,
				E5B15F032A0272C5009D1A90 /* RegisterViewViewModel.swift */,
				E5B15F052A0272D5009D1A90 /* LoginViewViewModel.swift */,
				E5B15F072A027303009D1A90 /* TodoDetailViewViewModel.swift */,
			);
			path = ViewModels;
			sourceTree = "<group>";
		};
		E5B15EE82A026FF1009D1A90 /* Others */ = {
			isa = PBXGroup;
			children = (
				E5B15EE42A026D5C009D1A90 /* GoogleService-Info.plist */,
				E5B15ED32A026AE4009D1A90 /* Assets.xcassets */,
				E5B15ECF2A026AE3009D1A90 /* TodoListApp.swift */,
			);
			path = Others;
			sourceTree = "<group>";
		};
		E5B15EF52A027219009D1A90 /* Models */ = {
			isa = PBXGroup;
			children = (
				E5B15EF62A02722A009D1A90 /* User.swift */,
				E5B15EF82A027238009D1A90 /* TodoItem.swift */,
			);
			path = Models;
			sourceTree = "<group>";
		};
/* End PBXGroup section */

/* Begin PBXNativeTarget section */
		E5B15ECB2A026AE3009D1A90 /* TodoList */ = {
			isa = PBXNativeTarget;
			buildConfigurationList = E5B15EDA2A026AE4009D1A90 /* Build configuration list for PBXNativeTarget "TodoList" */;
			buildPhases = (
				E5B15EC82A026AE3009D1A90 /* Sources */,
				E5B15EC92A026AE3009D1A90 /* Frameworks */,
				E5B15ECA2A026AE3009D1A90 /* Resources */,
			);
			buildRules = (
			);
			dependencies = (
			);
			name = TodoList;
			packageProductDependencies = (
				E5B15EDE2A026BE7009D1A90 /* FirebaseAuth */,
				E5B15EE02A026BE7009D1A90 /* FirebaseFirestore */,
				E5B15EE22A026BE7009D1A90 /* FirebaseFirestoreSwift */,
			);
			productName = TodoList;
			productReference = E5B15ECC2A026AE3009D1A90 /* TodoList.app */;
			productType = "com.apple.product-type.application";
		};
/* End PBXNativeTarget section */

/* Begin PBXProject section */
		E5B15EC42A026AE3009D1A90 /* Project object */ = {
			isa = PBXProject;
			attributes = {
				BuildIndependentTargetsInParallel = 1;
				LastSwiftUpdateCheck = 1430;
				LastUpgradeCheck = 1430;
				TargetAttributes = {
					E5B15ECB2A026AE3009D1A90 = {
						CreatedOnToolsVersion = 14.3;
					};
				};
			};
			buildConfigurationList = E5B15EC72A026AE3009D1A90 /* Build configuration list for PBXProject "TodoList" */;
			compatibilityVersion = "Xcode 14.0";
			developmentRegion = en;
			hasScannedForEncodings = 0;
			knownRegions = (
				en,
				Base,
			);
			mainGroup = E5B15EC32A026AE3009D1A90;
			packageReferences = (
				E5B15EDD2A026BE7009D1A90 /* XCRemoteSwiftPackageReference "firebase-ios-sdk" */,
			);
			productRefGroup = E5B15ECD2A026AE3009D1A90 /* Products */;
			projectDirPath = "";
			projectRoot = "";
			targets = (
				E5B15ECB2A026AE3009D1A90 /* TodoList */,
			);
		};
/* End PBXProject section */

/* Begin PBXResourcesBuildPhase section */
		E5B15ECA2A026AE3009D1A90 /* Resources */ = {
			isa = PBXResourcesBuildPhase;
			buildActionMask = 2147483647;
			files = (
				E5B15ED72A026AE4009D1A90 /* Preview Assets.xcassets in Resources */,
				E5B15ED42A026AE4009D1A90 /* Assets.xcassets in Resources */,
				E5B15EE52A026D5C009D1A90 /* GoogleService-Info.plist in Resources */,
			);
			runOnlyForDeploymentPostprocessing = 0;
		};
/* End PBXResourcesBuildPhase section */

/* Begin PBXSourcesBuildPhase section */
		E5B15EC82A026AE3009D1A90 /* Sources */ = {
			isa = PBXSourcesBuildPhase;
			buildActionMask = 2147483647;
			files = (
				E5B15EF92A027238009D1A90 /* TodoItem.swift in Sources */,
				E5B15F0A2A0275BB009D1A90 /* HeaderView.swift in Sources */,
				E5B15ED22A026AE3009D1A90 /* MainView.swift in Sources */,
				E5B15EFB2A02727A009D1A90 /* MainViewViewModel.swift in Sources */,
				E5B15F062A0272D5009D1A90 /* LoginViewViewModel.swift in Sources */,
				E5B15EF22A0271A7009D1A90 /* LoginView.swift in Sources */,
				E5B15EEC2A02716B009D1A90 /* ToDoListIView.swift in Sources */,
				E5B15F042A0272C5009D1A90 /* RegisterViewViewModel.swift in Sources */,
				E5B15EFE2A027295009D1A90 /* ProfileViewViewModel.swift in Sources */,
				E5B15EF42A0271F6009D1A90 /* TodoDetailView.swift in Sources */,
				E5B15EEA2A027153009D1A90 /* ProfileView.swift in Sources */,
				E5B15EF72A02722A009D1A90 /* User.swift in Sources */,
				E5B15F002A0272A5009D1A90 /* ToDoListViewViewModel.swift in Sources */,
				E5B15EF02A027194009D1A90 /* RegisterView.swift in Sources */,
				E5B15ED02A026AE3009D1A90 /* TodoListApp.swift in Sources */,
				E5B15EEE2A027184009D1A90 /* NewItemView.swift in Sources */,
				E5B15F022A0272B7009D1A90 /* NewItemViewViewModel.swift in Sources */,
				E5B15F082A027303009D1A90 /* TodoDetailViewViewModel.swift in Sources */,
			);
			runOnlyForDeploymentPostprocessing = 0;
		};
/* End PBXSourcesBuildPhase section */

/* Begin XCBuildConfiguration section */
		E5B15ED82A026AE4009D1A90 /* Debug */ = {
			isa = XCBuildConfiguration;
			buildSettings = {
				ALWAYS_SEARCH_USER_PATHS = NO;
				CLANG_ANALYZER_NONNULL = YES;
				CLANG_ANALYZER_NUMBER_OBJECT_CONVERSION = YES_AGGRESSIVE;
				CLANG_CXX_LANGUAGE_STANDARD = "gnu++20";
				CLANG_ENABLE_MODULES = YES;
				CLANG_ENABLE_OBJC_ARC = YES;
				CLANG_ENABLE_OBJC_WEAK = YES;
				CLANG_WARN_BLOCK_CAPTURE_AUTORELEASING = YES;
				CLANG_WARN_BOOL_CONVERSION = YES;
				CLANG_WARN_COMMA = YES;
				CLANG_WARN_CONSTANT_CONVERSION = YES;
				CLANG_WARN_DEPRECATED_OBJC_IMPLEMENTATIONS = YES;
				CLANG_WARN_DIRECT_OBJC_ISA_USAGE = YES_ERROR;
				CLANG_WARN_DOCUMENTATION_COMMENTS = YES;
				CLANG_WARN_EMPTY_BODY = YES;
				CLANG_WARN_ENUM_CONVERSION = YES;
				CLANG_WARN_INFINITE_RECURSION = YES;
				CLANG_WARN_INT_CONVERSION = YES;
				CLANG_WARN_NON_LITERAL_NULL_CONVERSION = YES;
				CLANG_WARN_OBJC_IMPLICIT_RETAIN_SELF = YES;
				CLANG_WARN_OBJC_LITERAL_CONVERSION = YES;
				CLANG_WARN_OBJC_ROOT_CLASS = YES_ERROR;
				CLANG_WARN_QUOTED_INCLUDE_IN_FRAMEWORK_HEADER = YES;
				CLANG_WARN_RANGE_LOOP_ANALYSIS = YES;
				CLANG_WARN_STRICT_PROTOTYPES = YES;
				CLANG_WARN_SUSPICIOUS_MOVE = YES;
				CLANG_WARN_UNGUARDED_AVAILABILITY = YES_AGGRESSIVE;
				CLANG_WARN_UNREACHABLE_CODE = YES;
				CLANG_WARN__DUPLICATE_METHOD_MATCH = YES;
				COPY_PHASE_STRIP = NO;
				DEBUG_INFORMATION_FORMAT = dwarf;
				ENABLE_STRICT_OBJC_MSGSEND = YES;
				ENABLE_TESTABILITY = YES;
				GCC_C_LANGUAGE_STANDARD = gnu11;
				GCC_DYNAMIC_NO_PIC = NO;
				GCC_NO_COMMON_BLOCKS = YES;
				GCC_OPTIMIZATION_LEVEL = 0;
				GCC_PREPROCESSOR_DEFINITIONS = (
					"DEBUG=1",
					"$(inherited)",
				);
				GCC_WARN_64_TO_32_BIT_CONVERSION = YES;
				GCC_WARN_ABOUT_RETURN_TYPE = YES_ERROR;
				GCC_WARN_UNDECLARED_SELECTOR = YES;
				GCC_WARN_UNINITIALIZED_AUTOS = YES_AGGRESSIVE;
				GCC_WARN_UNUSED_FUNCTION = YES;
				GCC_WARN_UNUSED_VARIABLE = YES;
				IPHONEOS_DEPLOYMENT_TARGET = 16.4;
				MTL_ENABLE_DEBUG_INFO = INCLUDE_SOURCE;
				MTL_FAST_MATH = YES;
				ONLY_ACTIVE_ARCH = YES;
				SDKROOT = iphoneos;
				SWIFT_ACTIVE_COMPILATION_CONDITIONS = DEBUG;
				SWIFT_OPTIMIZATION_LEVEL = "-Onone";
			};
			name = Debug;
		};
		E5B15ED92A026AE4009D1A90 /* Release */ = {
			isa = XCBuildConfiguration;
			buildSettings = {
				ALWAYS_SEARCH_USER_PATHS = NO;
				CLANG_ANALYZER_NONNULL = YES;
				CLANG_ANALYZER_NUMBER_OBJECT_CONVERSION = YES_AGGRESSIVE;
				CLANG_CXX_LANGUAGE_STANDARD = "gnu++20";
				CLANG_ENABLE_MODULES = YES;
				CLANG_ENABLE_OBJC_ARC = YES;
				CLANG_ENABLE_OBJC_WEAK = YES;
				CLANG_WARN_BLOCK_CAPTURE_AUTORELEASING = YES;
				CLANG_WARN_BOOL_CONVERSION = YES;
				CLANG_WARN_COMMA = YES;
				CLANG_WARN_CONSTANT_CONVERSION = YES;
				CLANG_WARN_DEPRECATED_OBJC_IMPLEMENTATIONS = YES;
				CLANG_WARN_DIRECT_OBJC_ISA_USAGE = YES_ERROR;
				CLANG_WARN_DOCUMENTATION_COMMENTS = YES;
				CLANG_WARN_EMPTY_BODY = YES;
				CLANG_WARN_ENUM_CONVERSION = YES;
				CLANG_WARN_INFINITE_RECURSION = YES;
				CLANG_WARN_INT_CONVERSION = YES;
				CLANG_WARN_NON_LITERAL_NULL_CONVERSION = YES;
				CLANG_WARN_OBJC_IMPLICIT_RETAIN_SELF = YES;
				CLANG_WARN_OBJC_LITERAL_CONVERSION = YES;
				CLANG_WARN_OBJC_ROOT_CLASS = YES_ERROR;
				CLANG_WARN_QUOTED_INCLUDE_IN_FRAMEWORK_HEADER = YES;
				CLANG_WARN_RANGE_LOOP_ANALYSIS = YES;
				CLANG_WARN_STRICT_PROTOTYPES = YES;
				CLANG_WARN_SUSPICIOUS_MOVE = YES;
				CLANG_WARN_UNGUARDED_AVAILABILITY = YES_AGGRESSIVE;
				CLANG_WARN_UNREACHABLE_CODE = YES;
				CLANG_WARN__DUPLICATE_METHOD_MATCH = YES;
				COPY_PHASE_STRIP = NO;
				DEBUG_INFORMATION_FORMAT = "dwarf-with-dsym";
				ENABLE_NS_ASSERTIONS = NO;
				ENABLE_STRICT_OBJC_MSGSEND = YES;
				GCC_C_LANGUAGE_STANDARD = gnu11;
				GCC_NO_COMMON_BLOCKS = YES;
				GCC_WARN_64_TO_32_BIT_CONVERSION = YES;
				GCC_WARN_ABOUT_RETURN_TYPE = YES_ERROR;
				GCC_WARN_UNDECLARED_SELECTOR = YES;
				GCC_WARN_UNINITIALIZED_AUTOS = YES_AGGRESSIVE;
				GCC_WARN_UNUSED_FUNCTION = YES;
				GCC_WARN_UNUSED_VARIABLE = YES;
				IPHONEOS_DEPLOYMENT_TARGET = 16.4;
				MTL_ENABLE_DEBUG_INFO = NO;
				MTL_FAST_MATH = YES;
				SDKROOT = iphoneos;
				SWIFT_COMPILATION_MODE = wholemodule;
				SWIFT_OPTIMIZATION_LEVEL = "-O";
				VALIDATE_PRODUCT = YES;
			};
			name = Release;
		};
		E5B15EDB2A026AE4009D1A90 /* Debug */ = {
			isa = XCBuildConfiguration;
			buildSettings = {
				ASSETCATALOG_COMPILER_APPICON_NAME = AppIcon;
				ASSETCATALOG_COMPILER_GLOBAL_ACCENT_COLOR_NAME = AccentColor;
				CODE_SIGN_STYLE = Automatic;
				CURRENT_PROJECT_VERSION = 1;
				DEVELOPMENT_ASSET_PATHS = "\"TodoList/Preview Content\"";
				ENABLE_PREVIEWS = YES;
				GENERATE_INFOPLIST_FILE = YES;
				INFOPLIST_KEY_CFBundleDisplayName = "To Do List";
				INFOPLIST_KEY_UIApplicationSceneManifest_Generation = YES;
				INFOPLIST_KEY_UIApplicationSupportsIndirectInputEvents = YES;
				INFOPLIST_KEY_UILaunchScreen_Generation = YES;
				INFOPLIST_KEY_UISupportedInterfaceOrientations = "UIInterfaceOrientationLandscapeLeft UIInterfaceOrientationLandscapeRight UIInterfaceOrientationPortrait";
				INFOPLIST_KEY_UISupportedInterfaceOrientations_iPad = UIInterfaceOrientationPortrait;
				LD_RUNPATH_SEARCH_PATHS = (
					"$(inherited)",
					"@executable_path/Frameworks",
				);
				MARKETING_VERSION = 1.0;
				PRODUCT_BUNDLE_IDENTIFIER = io.viktormudzhyri.TodoList;
				PRODUCT_NAME = "$(TARGET_NAME)";
				SWIFT_EMIT_LOC_STRINGS = YES;
				SWIFT_VERSION = 5.0;
				TARGETED_DEVICE_FAMILY = "1,2";
			};
			name = Debug;
		};
		E5B15EDC2A026AE4009D1A90 /* Release */ = {
			isa = XCBuildConfiguration;
			buildSettings = {
				ASSETCATALOG_COMPILER_APPICON_NAME = AppIcon;
				ASSETCATALOG_COMPILER_GLOBAL_ACCENT_COLOR_NAME = AccentColor;
				CODE_SIGN_STYLE = Automatic;
				CURRENT_PROJECT_VERSION = 1;
				DEVELOPMENT_ASSET_PATHS = "\"TodoList/Preview Content\"";
				ENABLE_PREVIEWS = YES;
				GENERATE_INFOPLIST_FILE = YES;
				INFOPLIST_KEY_CFBundleDisplayName = "To Do List";
				INFOPLIST_KEY_UIApplicationSceneManifest_Generation = YES;
				INFOPLIST_KEY_UIApplicationSupportsIndirectInputEvents = YES;
				INFOPLIST_KEY_UILaunchScreen_Generation = YES;
				INFOPLIST_KEY_UISupportedInterfaceOrientations = "UIInterfaceOrientationLandscapeLeft UIInterfaceOrientationLandscapeRight UIInterfaceOrientationPortrait";
				INFOPLIST_KEY_UISupportedInterfaceOrientations_iPad = UIInterfaceOrientationPortrait;
				LD_RUNPATH_SEARCH_PATHS = (
					"$(inherited)",
					"@executable_path/Frameworks",
				);
				MARKETING_VERSION = 1.0;
				PRODUCT_BUNDLE_IDENTIFIER = io.viktormudzhyri.TodoList;
				PRODUCT_NAME = "$(TARGET_NAME)";
				SWIFT_EMIT_LOC_STRINGS = YES;
				SWIFT_VERSION = 5.0;
				TARGETED_DEVICE_FAMILY = "1,2";
			};
			name = Release;
		};
/* End XCBuildConfiguration section */

/* Begin XCConfigurationList section */
		E5B15EC72A026AE3009D1A90 /* Build configuration list for PBXProject "TodoList" */ = {
			isa = XCConfigurationList;
			buildConfigurations = (
				E5B15ED82A026AE4009D1A90 /* Debug */,
				E5B15ED92A026AE4009D1A90 /* Release */,
			);
			defaultConfigurationIsVisible = 0;
			defaultConfigurationName = Release;
		};
		E5B15EDA2A026AE4009D1A90 /* Build configuration list for PBXNativeTarget "TodoList" */ = {
			isa = XCConfigurationList;
			buildConfigurations = (
				E5B15EDB2A026AE4009D1A90 /* Debug */,
				E5B15EDC2A026AE4009D1A90 /* Release */,
			);
			defaultConfigurationIsVisible = 0;
			defaultConfigurationName = Release;
		};
/* End XCConfigurationList section */

/* Begin XCRemoteSwiftPackageReference section */
		E5B15EDD2A026BE7009D1A90 /* XCRemoteSwiftPackageReference "firebase-ios-sdk" */ = {
			isa = XCRemoteSwiftPackageReference;
			repositoryURL = "https://github.com/firebase/firebase-ios-sdk";
			requirement = {
				kind = upToNextMajorVersion;
				minimumVersion = 10.0.0;
			};
		};
/* End XCRemoteSwiftPackageReference section */

/* Begin XCSwiftPackageProductDependency section */
		E5B15EDE2A026BE7009D1A90 /* FirebaseAuth */ = {
			isa = XCSwiftPackageProductDependency;
			package = E5B15EDD2A026BE7009D1A90 /* XCRemoteSwiftPackageReference "firebase-ios-sdk" */;
			productName = FirebaseAuth;
		};
		E5B15EE02A026BE7009D1A90 /* FirebaseFirestore */ = {
			isa = XCSwiftPackageProductDependency;
			package = E5B15EDD2A026BE7009D1A90 /* XCRemoteSwiftPackageReference "firebase-ios-sdk" */;
			productName = FirebaseFirestore;
		};
		E5B15EE22A026BE7009D1A90 /* FirebaseFirestoreSwift */ = {
			isa = XCSwiftPackageProductDependency;
			package = E5B15EDD2A026BE7009D1A90 /* XCRemoteSwiftPackageReference "firebase-ios-sdk" */;
			productName = FirebaseFirestoreSwift;
		};
/* End XCSwiftPackageProductDependency section */
	};
	rootObject = E5B15EC42A026AE3009D1A90 /* Project object */;
}
